
Microsoft Visual Studio Solution File, Format Version 12.00
# Visual Studio Version 17
VisualStudioVersion = 17.9.34701.34
MinimumVisualStudioVersion = 10.0.40219.1
Project("{FAE04EC0-301F-11D3-BF4B-00C04F79EFBC}") = "APICatalogo", "APICatalogo.csproj", "{D95A24F5-697C-4AB3-B8B8-9AC6231DA394}"
EndProject
Global
	GlobalSection(SolutionConfigurationPlatforms) = preSolution
		Debug|Any CPU = Debug|Any CPU
		Release|Any CPU = Release|Any CPU
	EndGlobalSection
	GlobalSection(ProjectConfigurationPlatforms) = postSolution
		{D95A24F5-697C-4AB3-B8B8-9AC6231DA394}.Debug|Any CPU.ActiveCfg = Debug|Any CPU
		{D95A24F5-697C-4AB3-B8B8-9AC6231DA394}.Debug|Any CPU.Build.0 = Debug|Any CPU
		{D95A24F5-697C-4AB3-B8B8-9AC6231DA394}.Release|Any CPU.ActiveCfg = Release|Any CPU
		{D95A24F5-697C-4AB3-B8B8-9AC6231DA394}.Release|Any CPU.Build.0 = Release|Any CPU
	EndGlobalSection
	GlobalSection(SolutionProperties) = preSolution
		HideSolutionNode = FALSE
	EndGlobalSection
	GlobalSection(ExtensibilityGlobals) = postSolution
		SolutionGuid = {ECD370E6-B88C-4AB6-A80D-8DAC76C90ACD}
	EndGlobalSection
EndGlobal
